Microsoft Visual Studio Solution File, Format Version 12.00
# Visual Studio 2012
Project("{FAE04EC0-301F-11D3-BF4B-00C04F79EFBC}") = "RecipeGame", "RecipeGame.csproj", "{DEC85013-E455-4B17-8F41-74885742A804}"
EndProject
Global
	GlobalSection(SolutionConfigurationPlatforms) = preSolution
	Debug|Any CPU = Debug|Any CPU
	ExportDebug|Any CPU = ExportDebug|Any CPU
	ExportRelease|Any CPU = ExportRelease|Any CPU
	EndGlobalSection
	GlobalSection(ProjectConfigurationPlatforms) = postSolution
		{DEC85013-E455-4B17-8F41-74885742A804}.Debug|Any CPU.ActiveCfg = Debug|Any CPU
		{DEC85013-E455-4B17-8F41-74885742A804}.Debug|Any CPU.Build.0 = Debug|Any CPU
		{DEC85013-E455-4B17-8F41-74885742A804}.ExportDebug|Any CPU.ActiveCfg = ExportDebug|Any CPU
		{DEC85013-E455-4B17-8F41-74885742A804}.ExportDebug|Any CPU.Build.0 = ExportDebug|Any CPU
		{DEC85013-E455-4B17-8F41-74885742A804}.ExportRelease|Any CPU.ActiveCfg = ExportRelease|Any CPU
		{DEC85013-E455-4B17-8F41-74885742A804}.ExportRelease|Any CPU.Build.0 = ExportRelease|Any CPU
	EndGlobalSection
EndGlobal
